<Solution>
  <Folder Name="/src/">
    <Project Path="src/FileManiac.Application/FileManiac.Application.csproj" />
    <Project Path="src/FileManiac.Domain/FileManiac.Domain.csproj" />
    <Project Path="src/FileManiac.Infrastructure/FileManiac.Infrastructure.csproj" />
  </Folder>
  <Folder Name="/tests/">
    <Project Path="tests/FileManiac.Application.Tests/FileManiac.Application.Tests.csproj" />
    <Project Path="tests/FileManiac.Domain.Tests/FileManiac.Domain.Tests.csproj" />
  </Folder>
</Solution>
